
Microsoft Visual Studio Solution File, Format Version 12.00
# Visual Studio Version 16
VisualStudioVersion = 16.0.30114.105
MinimumVisualStudioVersion = 10.0.40219.1
Project("{9A19103F-16F7-4668-BE54-9A1E7A4F7556}") = "IrishHousingEstate.AuthenticationApp", "IrishHousingEstate.AuthenticationApp\IrishHousingEstate.AuthenticationApp.csproj", "{C99D0218-27C2-4416-8344-D0A79711FFD3}"
EndProject
Project("{2150E333-8FDC-42A3-9474-1A3956D46DE8}") = "xunit", "xunit", "{126953BC-BC16-4E4A-923A-2ED4E30D3B49}"
EndProject
Project("{9A19103F-16F7-4668-BE54-9A1E7A4F7556}") = "IrishHousingEstate.XUnit", "xunit\IrishHousingEstate.XUnit\IrishHousingEstate.XUnit.csproj", "{E9FB7C22-5F8C-4AD6-A893-7AF85A1B9145}"
EndProject
Project("{9A19103F-16F7-4668-BE54-9A1E7A4F7556}") = "IrishHousingEstate.ModelApp", "IrishHousingEstate.ModelApp\IrishHousingEstate.ModelApp.csproj", "{C037BA8D-52FC-4ECC-80F6-81E9E0FE94EF}"
EndProject
Project("{9A19103F-16F7-4668-BE54-9A1E7A4F7556}") = "IrishHousingEstate.DataAccessApi", "IrishHousingEstate.DataAccessApi\IrishHousingEstate.DataAccessApi.csproj", "{552106B4-B96A-459E-A749-DF602D1E7109}"
EndProject
Project("{9A19103F-16F7-4668-BE54-9A1E7A4F7556}") = "IrishHousingEstate.WebApp", "IrishHousingEstate.WebApp\IrishHousingEstate.WebApp.csproj", "{5F0486F0-4DEB-4AAA-9793-A32AA6BF332C}"
EndProject
Project("{9A19103F-16F7-4668-BE54-9A1E7A4F7556}") = "IrishHousingEstate.ServiceApi", "IrishHousingEstate.ServiceApi\IrishHousingEstate.ServiceApi.csproj", "{72AB9AC0-5DC0-433A-9D02-EB041D7D8CEB}"
EndProject
Global
	GlobalSection(SolutionConfigurationPlatforms) = preSolution
		Debug|Any CPU = Debug|Any CPU
		Debug|x64 = Debug|x64
		Debug|x86 = Debug|x86
		Release|Any CPU = Release|Any CPU
		Release|x64 = Release|x64
		Release|x86 = Release|x86
	EndGlobalSection
	GlobalSection(ProjectConfigurationPlatforms) = postSolution
		{C99D0218-27C2-4416-8344-D0A79711FFD3}.Debug|Any CPU.ActiveCfg = Debug|Any CPU
		{C99D0218-27C2-4416-8344-D0A79711FFD3}.Debug|Any CPU.Build.0 = Debug|Any CPU
		{C99D0218-27C2-4416-8344-D0A79711FFD3}.Debug|x64.ActiveCfg = Debug|Any CPU
		{C99D0218-27C2-4416-8344-D0A79711FFD3}.Debug|x64.Build.0 = Debug|Any CPU
		{C99D0218-27C2-4416-8344-D0A79711FFD3}.Debug|x86.ActiveCfg = Debug|Any CPU
		{C99D0218-27C2-4416-8344-D0A79711FFD3}.Debug|x86.Build.0 = Debug|Any CPU
		{C99D0218-27C2-4416-8344-D0A79711FFD3}.Release|Any CPU.ActiveCfg = Release|Any CPU
		{C99D0218-27C2-4416-8344-D0A79711FFD3}.Release|Any CPU.Build.0 = Release|Any CPU
		{C99D0218-27C2-4416-8344-D0A79711FFD3}.Release|x64.ActiveCfg = Release|Any CPU
		{C99D0218-27C2-4416-8344-D0A79711FFD3}.Release|x64.Build.0 = Release|Any CPU
		{C99D0218-27C2-4416-8344-D0A79711FFD3}.Release|x86.ActiveCfg = Release|Any CPU
		{C99D0218-27C2-4416-8344-D0A79711FFD3}.Release|x86.Build.0 = Release|Any CPU
		{E9FB7C22-5F8C-4AD6-A893-7AF85A1B9145}.Debug|Any CPU.ActiveCfg = Debug|Any CPU
		{E9FB7C22-5F8C-4AD6-A893-7AF85A1B9145}.Debug|Any CPU.Build.0 = Debug|Any CPU
		{E9FB7C22-5F8C-4AD6-A893-7AF85A1B9145}.Debug|x64.ActiveCfg = Debug|Any CPU
		{E9FB7C22-5F8C-4AD6-A893-7AF85A1B9145}.Debug|x64.Build.0 = Debug|Any CPU
		{E9FB7C22-5F8C-4AD6-A893-7AF85A1B9145}.Debug|x86.ActiveCfg = Debug|Any CPU
		{E9FB7C22-5F8C-4AD6-A893-7AF85A1B9145}.Debug|x86.Build.0 = Debug|Any CPU
		{E9FB7C22-5F8C-4AD6-A893-7AF85A1B9145}.Release|Any CPU.ActiveCfg = Release|Any CPU
		{E9FB7C22-5F8C-4AD6-A893-7AF85A1B9145}.Release|Any CPU.Build.0 = Release|Any CPU
		{E9FB7C22-5F8C-4AD6-A893-7AF85A1B9145}.Release|x64.ActiveCfg = Release|Any CPU
		{E9FB7C22-5F8C-4AD6-A893-7AF85A1B9145}.Release|x64.Build.0 = Release|Any CPU
		{E9FB7C22-5F8C-4AD6-A893-7AF85A1B9145}.Release|x86.ActiveCfg = Release|Any CPU
		{E9FB7C22-5F8C-4AD6-A893-7AF85A1B9145}.Release|x86.Build.0 = Release|Any CPU
		{C037BA8D-52FC-4ECC-80F6-81E9E0FE94EF}.Debug|Any CPU.ActiveCfg = Debug|Any CPU
		{C037BA8D-52FC-4ECC-80F6-81E9E0FE94EF}.Debug|Any CPU.Build.0 = Debug|Any CPU
		{C037BA8D-52FC-4ECC-80F6-81E9E0FE94EF}.Debug|x64.ActiveCfg = Debug|Any CPU
		{C037BA8D-52FC-4ECC-80F6-81E9E0FE94EF}.Debug|x64.Build.0 = Debug|Any CPU
		{C037BA8D-52FC-4ECC-80F6-81E9E0FE94EF}.Debug|x86.ActiveCfg = Debug|Any CPU
		{C037BA8D-52FC-4ECC-80F6-81E9E0FE94EF}.Debug|x86.Build.0 = Debug|Any CPU
		{C037BA8D-52FC-4ECC-80F6-81E9E0FE94EF}.Release|Any CPU.ActiveCfg = Release|Any CPU
		{C037BA8D-52FC-4ECC-80F6-81E9E0FE94EF}.Release|Any CPU.Build.0 = Release|Any CPU
		{C037BA8D-52FC-4ECC-80F6-81E9E0FE94EF}.Release|x64.ActiveCfg = Release|Any CPU
		{C037BA8D-52FC-4ECC-80F6-81E9E0FE94EF}.Release|x64.Build.0 = Release|Any CPU
		{C037BA8D-52FC-4ECC-80F6-81E9E0FE94EF}.Release|x86.ActiveCfg = Release|Any CPU
		{C037BA8D-52FC-4ECC-80F6-81E9E0FE94EF}.Release|x86.Build.0 = Release|Any CPU
		{552106B4-B96A-459E-A749-DF602D1E7109}.Debug|Any CPU.ActiveCfg = Debug|Any CPU
		{552106B4-B96A-459E-A749-DF602D1E7109}.Debug|Any CPU.Build.0 = Debug|Any CPU
		{552106B4-B96A-459E-A749-DF602D1E7109}.Debug|x64.ActiveCfg = Debug|Any CPU
		{552106B4-B96A-459E-A749-DF602D1E7109}.Debug|x64.Build.0 = Debug|Any CPU
		{552106B4-B96A-459E-A749-DF602D1E7109}.Debug|x86.ActiveCfg = Debug|Any CPU
		{552106B4-B96A-459E-A749-DF602D1E7109}.Debug|x86.Build.0 = Debug|Any CPU
		{552106B4-B96A-459E-A749-DF602D1E7109}.Release|Any CPU.ActiveCfg = Release|Any CPU
		{552106B4-B96A-459E-A749-DF602D1E7109}.Release|Any CPU.Build.0 = Release|Any CPU
		{552106B4-B96A-459E-A749-DF602D1E7109}.Release|x64.ActiveCfg = Release|Any CPU
		{552106B4-B96A-459E-A749-DF602D1E7109}.Release|x64.Build.0 = Release|Any CPU
		{552106B4-B96A-459E-A749-DF602D1E7109}.Release|x86.ActiveCfg = Release|Any CPU
		{552106B4-B96A-459E-A749-DF602D1E7109}.Release|x86.Build.0 = Release|Any CPU
		{5F0486F0-4DEB-4AAA-9793-A32AA6BF332C}.Debug|Any CPU.ActiveCfg = Debug|Any CPU
		{5F0486F0-4DEB-4AAA-9793-A32AA6BF332C}.Debug|Any CPU.Build.0 = Debug|Any CPU
		{5F0486F0-4DEB-4AAA-9793-A32AA6BF332C}.Debug|x64.ActiveCfg = Debug|Any CPU
		{5F0486F0-4DEB-4AAA-9793-A32AA6BF332C}.Debug|x64.Build.0 = Debug|Any CPU
		{5F0486F0-4DEB-4AAA-9793-A32AA6BF332C}.Debug|x86.ActiveCfg = Debug|Any CPU
		{5F0486F0-4DEB-4AAA-9793-A32AA6BF332C}.Debug|x86.Build.0 = Debug|Any CPU
		{5F0486F0-4DEB-4AAA-9793-A32AA6BF332C}.Release|Any CPU.ActiveCfg = Release|Any CPU
		{5F0486F0-4DEB-4AAA-9793-A32AA6BF332C}.Release|Any CPU.Build.0 = Release|Any CPU
		{5F0486F0-4DEB-4AAA-9793-A32AA6BF332C}.Release|x64.ActiveCfg = Release|Any CPU
		{5F0486F0-4DEB-4AAA-9793-A32AA6BF332C}.Release|x64.Build.0 = Release|Any CPU
		{5F0486F0-4DEB-4AAA-9793-A32AA6BF332C}.Release|x86.ActiveCfg = Release|Any CPU
		{5F0486F0-4DEB-4AAA-9793-A32AA6BF332C}.Release|x86.Build.0 = Release|Any CPU
		{72AB9AC0-5DC0-433A-9D02-EB041D7D8CEB}.Debug|Any CPU.ActiveCfg = Debug|Any CPU
		{72AB9AC0-5DC0-433A-9D02-EB041D7D8CEB}.Debug|Any CPU.Build.0 = Debug|Any CPU
		{72AB9AC0-5DC0-433A-9D02-EB041D7D8CEB}.Debug|x64.ActiveCfg = Debug|Any CPU
		{72AB9AC0-5DC0-433A-9D02-EB041D7D8CEB}.Debug|x64.Build.0 = Debug|Any CPU
		{72AB9AC0-5DC0-433A-9D02-EB041D7D8CEB}.Debug|x86.ActiveCfg = Debug|Any CPU
		{72AB9AC0-5DC0-433A-9D02-EB041D7D8CEB}.Debug|x86.Build.0 = Debug|Any CPU
		{72AB9AC0-5DC0-433A-9D02-EB041D7D8CEB}.Release|Any CPU.ActiveCfg = Release|Any CPU
		{72AB9AC0-5DC0-433A-9D02-EB041D7D8CEB}.Release|Any CPU.Build.0 = Release|Any CPU
		{72AB9AC0-5DC0-433A-9D02-EB041D7D8CEB}.Release|x64.ActiveCfg = Release|Any CPU
		{72AB9AC0-5DC0-433A-9D02-EB041D7D8CEB}.Release|x64.Build.0 = Release|Any CPU
		{72AB9AC0-5DC0-433A-9D02-EB041D7D8CEB}.Release|x86.ActiveCfg = Release|Any CPU
		{72AB9AC0-5DC0-433A-9D02-EB041D7D8CEB}.Release|x86.Build.0 = Release|Any CPU
	EndGlobalSection
	GlobalSection(SolutionProperties) = preSolution
		HideSolutionNode = FALSE
	EndGlobalSection
	GlobalSection(NestedProjects) = preSolution
		{E9FB7C22-5F8C-4AD6-A893-7AF85A1B9145} = {126953BC-BC16-4E4A-923A-2ED4E30D3B49}
	EndGlobalSection
	GlobalSection(ExtensibilityGlobals) = postSolution
		SolutionGuid = {D4E38B4B-F1A0-4E2B-8950-8E11F5ADE37B}
	EndGlobalSection
EndGlobal
